
Microsoft Visual Studio Solution File, Format Version 12.00
# Visual Studio Version 17
VisualStudioVersion = 17.8.34316.72
MinimumVisualStudioVersion = 10.0.40219.1
Project("{2150E333-8FDC-42A3-9474-1A3956D46DE8}") = "src", "src", "{457F9051-3400-4E82-A11E-0D5269D740E1}"
EndProject
Project("{FAE04EC0-301F-11D3-BF4B-00C04F79EFBC}") = "RinhaBackEnd.Crebidos", "RinhaBackEnd.Crebidos\RinhaBackEnd.Crebidos.csproj", "{B206F8EF-9625-4157-ACF2-7C3A09EF974F}"
EndProject
Global
	GlobalSection(SolutionConfigurationPlatforms) = preSolution
		Debug|Any CPU = Debug|Any CPU
		Release|Any CPU = Release|Any CPU
	EndGlobalSection
	GlobalSection(ProjectConfigurationPlatforms) = postSolution
		{B206F8EF-9625-4157-ACF2-7C3A09EF974F}.Debug|Any CPU.ActiveCfg = Debug|Any CPU
		{B206F8EF-9625-4157-ACF2-7C3A09EF974F}.Debug|Any CPU.Build.0 = Debug|Any CPU
		{B206F8EF-9625-4157-ACF2-7C3A09EF974F}.Release|Any CPU.ActiveCfg = Release|Any CPU
		{B206F8EF-9625-4157-ACF2-7C3A09EF974F}.Release|Any CPU.Build.0 = Release|Any CPU
	EndGlobalSection
	GlobalSection(SolutionProperties) = preSolution
		HideSolutionNode = FALSE
	EndGlobalSection
	GlobalSection(NestedProjects) = preSolution
		{B206F8EF-9625-4157-ACF2-7C3A09EF974F} = {457F9051-3400-4E82-A11E-0D5269D740E1}
	EndGlobalSection
	GlobalSection(ExtensibilityGlobals) = postSolution
		SolutionGuid = {B79AAC01-8D0F-426B-B961-DF9C3D08418C}
	EndGlobalSection
EndGlobal
